
Microsoft Visual Studio Solution File, Format Version 12.00
# Visual Studio 15
VisualStudioVersion = 15.0.28010.2041
MinimumVisualStudioVersion = 10.0.40219.1
Project("{FAE04EC0-301F-11D3-BF4B-00C04F79EFBC}") = "DACoSoNganhMang_PhanMang", "DACoSoNganhMang_PhanMang\DACoSoNganhMang_PhanMang.csproj", "{5A3F51EB-D94D-4986-BE6F-3157753BF571}"
EndProject
Project("{FAE04EC0-301F-11D3-BF4B-00C04F79EFBC}") = "DACoSoNganhMang_Server", "DACoSoNganhMang_Server\DACoSoNganhMang_Server.csproj", "{50AEB910-B8DF-436E-A077-4E7210B16EA5}"
EndProject
Global
	GlobalSection(SolutionConfigurationPlatforms) = preSolution
		Debug|Any CPU = Debug|Any CPU
		Release|Any CPU = Release|Any CPU
	EndGlobalSection
	GlobalSection(ProjectConfigurationPlatforms) = postSolution
		{5A3F51EB-D94D-4986-BE6F-3157753BF571}.Debug|Any CPU.ActiveCfg = Debug|Any CPU
		{5A3F51EB-D94D-4986-BE6F-3157753BF571}.Debug|Any CPU.Build.0 = Debug|Any CPU
		{5A3F51EB-D94D-4986-BE6F-3157753BF571}.Release|Any CPU.ActiveCfg = Release|Any CPU
		{5A3F51EB-D94D-4986-BE6F-3157753BF571}.Release|Any CPU.Build.0 = Release|Any CPU
		{50AEB910-B8DF-436E-A077-4E7210B16EA5}.Debug|Any CPU.ActiveCfg = Debug|Any CPU
		{50AEB910-B8DF-436E-A077-4E7210B16EA5}.Debug|Any CPU.Build.0 = Debug|Any CPU
		{50AEB910-B8DF-436E-A077-4E7210B16EA5}.Release|Any CPU.ActiveCfg = Release|Any CPU
		{50AEB910-B8DF-436E-A077-4E7210B16EA5}.Release|Any CPU.Build.0 = Release|Any CPU
	EndGlobalSection
	GlobalSection(SolutionProperties) = preSolution
		HideSolutionNode = FALSE
	EndGlobalSection
	GlobalSection(ExtensibilityGlobals) = postSolution
		SolutionGuid = {EF63A590-0DC0-4D4E-9C62-E6F2D233EDB4}
	EndGlobalSection
EndGlobal
